
Microsoft Visual Studio Solution File, Format Version 12.00
# Visual Studio Version 17
VisualStudioVersion = 17.0.32014.148
MinimumVisualStudioVersion = 10.0.40219.1
Project("{FAE04EC0-301F-11D3-BF4B-00C04F79EFBC}") = "LineComparison", "LineComparison.csproj", "{037B90D2-3A55-424E-AC7B-39E03A9872F8}"
EndProject
Global
	GlobalSection(SolutionConfigurationPlatforms) = preSolution
		Debug|Any CPU = Debug|Any CPU
		Release|Any CPU = Release|Any CPU
	EndGlobalSection
	GlobalSection(ProjectConfigurationPlatforms) = postSolution
		{037B90D2-3A55-424E-AC7B-39E03A9872F8}.Debug|Any CPU.ActiveCfg = Debug|Any CPU
		{037B90D2-3A55-424E-AC7B-39E03A9872F8}.Debug|Any CPU.Build.0 = Debug|Any CPU
		{037B90D2-3A55-424E-AC7B-39E03A9872F8}.Release|Any CPU.ActiveCfg = Release|Any CPU
		{037B90D2-3A55-424E-AC7B-39E03A9872F8}.Release|Any CPU.Build.0 = Release|Any CPU
	EndGlobalSection
	GlobalSection(SolutionProperties) = preSolution
		HideSolutionNode = FALSE
	EndGlobalSection
	GlobalSection(ExtensibilityGlobals) = postSolution
		SolutionGuid = {0A1499BD-6679-4278-8C5E-EE99FA4853E7}
	EndGlobalSection
EndGlobal
